
Microsoft Visual Studio Solution File, Format Version 12.00
# Visual Studio Version 16
VisualStudioVersion = 16.0.31613.86
MinimumVisualStudioVersion = 10.0.40219.1
Project("{FAE04EC0-301F-11D3-BF4B-00C04F79EFBC}") = "SynchronizedThreadsUsingTasks", "SynchronizedThreadsUsingTasks\SynchronizedThreadsUsingTasks.csproj", "{881E44BD-F480-4101-8129-511B3AE645EA}"
EndProject
Global
	GlobalSection(SolutionConfigurationPlatforms) = preSolution
		Debug|Any CPU = Debug|Any CPU
		Release|Any CPU = Release|Any CPU
	EndGlobalSection
	GlobalSection(ProjectConfigurationPlatforms) = postSolution
		{881E44BD-F480-4101-8129-511B3AE645EA}.Debug|Any CPU.ActiveCfg = Debug|Any CPU
		{881E44BD-F480-4101-8129-511B3AE645EA}.Debug|Any CPU.Build.0 = Debug|Any CPU
		{881E44BD-F480-4101-8129-511B3AE645EA}.Release|Any CPU.ActiveCfg = Release|Any CPU
		{881E44BD-F480-4101-8129-511B3AE645EA}.Release|Any CPU.Build.0 = Release|Any CPU
	EndGlobalSection
	GlobalSection(SolutionProperties) = preSolution
		HideSolutionNode = FALSE
	EndGlobalSection
	GlobalSection(ExtensibilityGlobals) = postSolution
		SolutionGuid = {5FC7957D-EBA9-47B6-949D-F024E4E7268D}
	EndGlobalSection
EndGlobal
